// !$*UTF8*$!
{
	archiveVersion = 1;
	classes = {
	};
	objectVersion = 77;
	objects = {

/* Begin PBXBuildFile section */
		B68046362E903CB200F2720C /* BookListView.swift in Sources */ = {isa = PBXBuildFile; fileRef = B68046322E903CB200F2720C /* BookListView.swift */; };
		B68046372E903CB200F2720C /* HomeLibraryApp.swift in Sources */ = {isa = PBXBuildFile; fileRef = B68046332E903CB200F2720C /* HomeLibraryApp.swift */; };
		B68046382E903CB200F2720C /* UserDefaultsService.swift in Sources */ = {isa = PBXBuildFile; fileRef = B68046342E903CB200F2720C /* UserDefaultsService.swift */; };
		B68046392E903CB200F2720C /* Assets.xcassets in Resources */ = {isa = PBXBuildFile; fileRef = B68046312E903CB200F2720C /* Assets.xcassets */; };
		B680463B2E903D6400F2720C /* SettingsView.swift in Sources */ = {isa = PBXBuildFile; fileRef = B680463A2E903D6400F2720C /* SettingsView.swift */; };
		B680463D2E903E0500F2720C /* SettingsViewModel.swift in Sources */ = {isa = PBXBuildFile; fileRef = B680463C2E903E0500F2720C /* SettingsViewModel.swift */; };
		B680464A2E9041F800F2720C /* SwiftDataService.swift in Sources */ = {isa = PBXBuildFile; fileRef = B68046492E9041F800F2720C /* SwiftDataService.swift */; };
		B680464C2E90424400F2720C /* Book.swift in Sources */ = {isa = PBXBuildFile; fileRef = B680464B2E90424400F2720C /* Book.swift */; };
		B680464F2E9042BC00F2720C /* BookReview.swift in Sources */ = {isa = PBXBuildFile; fileRef = B680464E2E9042BC00F2720C /* BookReview.swift */; };
		B68046512E9042C200F2720C /* Genre.swift in Sources */ = {isa = PBXBuildFile; fileRef = B68046502E9042C200F2720C /* Genre.swift */; };
		B68046532E9044F900F2720C /* BookListViewModel.swift in Sources */ = {isa = PBXBuildFile; fileRef = B68046522E9044F900F2720C /* BookListViewModel.swift */; };
		B68046652E957D9D00F2720C /* AddBookForm.swift in Sources */ = {isa = PBXBuildFile; fileRef = B68046642E957D9D00F2720C /* AddBookForm.swift */; };
		B68046672E957E6600F2720C /* TextFieldMod.swift in Sources */ = {isa = PBXBuildFile; fileRef = B68046662E957E6600F2720C /* TextFieldMod.swift */; };
/* End PBXBuildFile section */

/* Begin PBXFileReference section */
		B68046212E903AEC00F2720C /* HomeLibrary.app */ = {isa = PBXFileReference; explicitFileType = wrapper.application; includeInIndex = 0; path = HomeLibrary.app; sourceTree = BUILT_PRODUCTS_DIR; };
		B68046312E903CB200F2720C /* Assets.xcassets */ = {isa = PBXFileReference; lastKnownFileType = folder.assetcatalog; path = Assets.xcassets; sourceTree = "<group>"; };
		B68046322E903CB200F2720C /* BookListView.swift */ = {isa = PBXFileReference; lastKnownFileType = sourcecode.swift; path = BookListView.swift; sourceTree = "<group>"; };
		B68046332E903CB200F2720C /* HomeLibraryApp.swift */ = {isa = PBXFileReference; lastKnownFileType = sourcecode.swift; path = HomeLibraryApp.swift; sourceTree = "<group>"; };
		B68046342E903CB200F2720C /* UserDefaultsService.swift */ = {isa = PBXFileReference; lastKnownFileType = sourcecode.swift; path = UserDefaultsService.swift; sourceTree = "<group>"; };
		B680463A2E903D6400F2720C /* SettingsView.swift */ = {isa = PBXFileReference; lastKnownFileType = sourcecode.swift; path = SettingsView.swift; sourceTree = "<group>"; };
		B680463C2E903E0500F2720C /* SettingsViewModel.swift */ = {isa = PBXFileReference; lastKnownFileType = sourcecode.swift; path = SettingsViewModel.swift; sourceTree = "<group>"; };
		B68046492E9041F800F2720C /* SwiftDataService.swift */ = {isa = PBXFileReference; lastKnownFileType = sourcecode.swift; path = SwiftDataService.swift; sourceTree = "<group>"; };
		B680464B2E90424400F2720C /* Book.swift */ = {isa = PBXFileReference; lastKnownFileType = sourcecode.swift; path = Book.swift; sourceTree = "<group>"; };
		B680464E2E9042BC00F2720C /* BookReview.swift */ = {isa = PBXFileReference; lastKnownFileType = sourcecode.swift; path = BookReview.swift; sourceTree = "<group>"; };
		B68046502E9042C200F2720C /* Genre.swift */ = {isa = PBXFileReference; lastKnownFileType = sourcecode.swift; path = Genre.swift; sourceTree = "<group>"; };
		B68046522E9044F900F2720C /* BookListViewModel.swift */ = {isa = PBXFileReference; lastKnownFileType = sourcecode.swift; path = BookListViewModel.swift; sourceTree = "<group>"; };
		B68046642E957D9D00F2720C /* AddBookForm.swift */ = {isa = PBXFileReference; lastKnownFileType = sourcecode.swift; path = AddBookForm.swift; sourceTree = "<group>"; };
		B68046662E957E6600F2720C /* TextFieldMod.swift */ = {isa = PBXFileReference; lastKnownFileType = sourcecode.swift; path = TextFieldMod.swift; sourceTree = "<group>"; };
/* End PBXFileReference section */

/* Begin PBXFrameworksBuildPhase section */
		B680461E2E903AEC00F2720C /* Frameworks */ = {
			isa = PBXFrameworksBuildPhase;
			buildActionMask = 2147483647;
			files = (
			);
			runOnlyForDeploymentPostprocessing = 0;
		};
/* End PBXFrameworksBuildPhase section */

/* Begin PBXGroup section */
		B68046182E903AEC00F2720C = {
			isa = PBXGroup;
			children = (
				B68046352E903CB200F2720C /* HomeLibrary */,
				B68046222E903AEC00F2720C /* Products */,
			);
			sourceTree = "<group>";
		};
		B68046222E903AEC00F2720C /* Products */ = {
			isa = PBXGroup;
			children = (
				B68046212E903AEC00F2720C /* HomeLibrary.app */,
			);
			name = Products;
			sourceTree = "<group>";
		};
		B68046352E903CB200F2720C /* HomeLibrary */ = {
			isa = PBXGroup;
			children = (
				B68046332E903CB200F2720C /* HomeLibraryApp.swift */,
				B680464D2E9042B300F2720C /* Model */,
				B68046462E9041D700F2720C /* View */,
				B68046472E9041E100F2720C /* ViewModel */,
				B68046482E9041E900F2720C /* Services */,
				B68046312E903CB200F2720C /* Assets.xcassets */,
			);
			path = HomeLibrary;
			sourceTree = "<group>";
		};
		B68046462E9041D700F2720C /* View */ = {
			isa = PBXGroup;
			children = (
				B68046322E903CB200F2720C /* BookListView.swift */,
				B68046642E957D9D00F2720C /* AddBookForm.swift */,
				B68046662E957E6600F2720C /* TextFieldMod.swift */,
				B680463A2E903D6400F2720C /* SettingsView.swift */,
			);
			path = View;
			sourceTree = "<group>";
		};
		B68046472E9041E100F2720C /* ViewModel */ = {
			isa = PBXGroup;
			children = (
				B680463C2E903E0500F2720C /* SettingsViewModel.swift */,
				B68046522E9044F900F2720C /* BookListViewModel.swift */,
			);
			path = ViewModel;
			sourceTree = "<group>";
		};
		B68046482E9041E900F2720C /* Services */ = {
			isa = PBXGroup;
			children = (
				B68046342E903CB200F2720C /* UserDefaultsService.swift */,
				B68046492E9041F800F2720C /* SwiftDataService.swift */,
			);
			path = Services;
			sourceTree = "<group>";
		};
		B680464D2E9042B300F2720C /* Model */ = {
			isa = PBXGroup;
			children = (
				B680464B2E90424400F2720C /* Book.swift */,
				B680464E2E9042BC00F2720C /* BookReview.swift */,
				B68046502E9042C200F2720C /* Genre.swift */,
			);
			path = Model;
			sourceTree = "<group>";
		};
/* End PBXGroup section */

/* Begin PBXNativeTarget section */
		B68046202E903AEC00F2720C /* HomeLibrary */ = {
			isa = PBXNativeTarget;
			buildConfigurationList = B680462C2E903AEE00F2720C /* Build configuration list for PBXNativeTarget "HomeLibrary" */;
			buildPhases = (
				B680461D2E903AEC00F2720C /* Sources */,
				B680461E2E903AEC00F2720C /* Frameworks */,
				B680461F2E903AEC00F2720C /* Resources */,
			);
			buildRules = (
			);
			dependencies = (
			);
			name = HomeLibrary;
			packageProductDependencies = (
			);
			productName = HomeLibrary;
			productReference = B68046212E903AEC00F2720C /* HomeLibrary.app */;
			productType = "com.apple.product-type.application";
		};
/* End PBXNativeTarget section */

/* Begin PBXProject section */
		B68046192E903AEC00F2720C /* Project object */ = {
			isa = PBXProject;
			attributes = {
				BuildIndependentTargetsInParallel = 1;
				LastSwiftUpdateCheck = 2600;
				LastUpgradeCheck = 2600;
				TargetAttributes = {
					B68046202E903AEC00F2720C = {
						CreatedOnToolsVersion = 26.0;
					};
				};
			};
			buildConfigurationList = B680461C2E903AEC00F2720C /* Build configuration list for PBXProject "HomeLibrary" */;
			developmentRegion = en;
			hasScannedForEncodings = 0;
			knownRegions = (
				en,
				Base,
			);
			mainGroup = B68046182E903AEC00F2720C;
			minimizedProjectReferenceProxies = 1;
			preferredProjectObjectVersion = 77;
			productRefGroup = B68046222E903AEC00F2720C /* Products */;
			projectDirPath = "";
			projectRoot = "";
			targets = (
				B68046202E903AEC00F2720C /* HomeLibrary */,
			);
		};
/* End PBXProject section */

/* Begin PBXResourcesBuildPhase section */
		B680461F2E903AEC00F2720C /* Resources */ = {
			isa = PBXResourcesBuildPhase;
			buildActionMask = 2147483647;
			files = (
				B68046392E903CB200F2720C /* Assets.xcassets in Resources */,
			);
			runOnlyForDeploymentPostprocessing = 0;
		};
/* End PBXResourcesBuildPhase section */

/* Begin PBXSourcesBuildPhase section */
		B680461D2E903AEC00F2720C /* Sources */ = {
			isa = PBXSourcesBuildPhase;
			buildActionMask = 2147483647;
			files = (
				B68046512E9042C200F2720C /* Genre.swift in Sources */,
				B680464F2E9042BC00F2720C /* BookReview.swift in Sources */,
				B680463D2E903E0500F2720C /* SettingsViewModel.swift in Sources */,
				B68046362E903CB200F2720C /* BookListView.swift in Sources */,
				B680464C2E90424400F2720C /* Book.swift in Sources */,
				B680463B2E903D6400F2720C /* SettingsView.swift in Sources */,
				B68046672E957E6600F2720C /* TextFieldMod.swift in Sources */,
				B680464A2E9041F800F2720C /* SwiftDataService.swift in Sources */,
				B68046652E957D9D00F2720C /* AddBookForm.swift in Sources */,
				B68046372E903CB200F2720C /* HomeLibraryApp.swift in Sources */,
				B68046382E903CB200F2720C /* UserDefaultsService.swift in Sources */,
				B68046532E9044F900F2720C /* BookListViewModel.swift in Sources */,
			);
			runOnlyForDeploymentPostprocessing = 0;
		};
/* End PBXSourcesBuildPhase section */

/* Begin XCBuildConfiguration section */
		B680462A2E903AEE00F2720C /* Debug */ = {
			isa = XCBuildConfiguration;
			buildSettings = {
				ALWAYS_SEARCH_USER_PATHS = NO;
				ASSETCATALOG_COMPILER_GENERATE_SWIFT_ASSET_SYMBOL_EXTENSIONS = YES;
				CLANG_ANALYZER_NONNULL = YES;
				CLANG_ANALYZER_NUMBER_OBJECT_CONVERSION = YES_AGGRESSIVE;
				CLANG_CXX_LANGUAGE_STANDARD = "gnu++20";
				CLANG_ENABLE_MODULES = YES;
				CLANG_ENABLE_OBJC_ARC = YES;
				CLANG_ENABLE_OBJC_WEAK = YES;
				CLANG_WARN_BLOCK_CAPTURE_AUTORELEASING = YES;
				CLANG_WARN_BOOL_CONVERSION = YES;
				CLANG_WARN_COMMA = YES;
				CLANG_WARN_CONSTANT_CONVERSION = YES;
				CLANG_WARN_DEPRECATED_OBJC_IMPLEMENTATIONS = YES;
				CLANG_WARN_DIRECT_OBJC_ISA_USAGE = YES_ERROR;
				CLANG_WARN_DOCUMENTATION_COMMENTS = YES;
				CLANG_WARN_EMPTY_BODY = YES;
				CLANG_WARN_ENUM_CONVERSION = YES;
				CLANG_WARN_INFINITE_RECURSION = YES;
				CLANG_WARN_INT_CONVERSION = YES;
				CLANG_WARN_NON_LITERAL_NULL_CONVERSION = YES;
				CLANG_WARN_OBJC_IMPLICIT_RETAIN_SELF = YES;
				CLANG_WARN_OBJC_LITERAL_CONVERSION = YES;
				CLANG_WARN_OBJC_ROOT_CLASS = YES_ERROR;
				CLANG_WARN_QUOTED_INCLUDE_IN_FRAMEWORK_HEADER = YES;
				CLANG_WARN_RANGE_LOOP_ANALYSIS = YES;
				CLANG_WARN_STRICT_PROTOTYPES = YES;
				CLANG_WARN_SUSPICIOUS_MOVE = YES;
				CLANG_WARN_UNGUARDED_AVAILABILITY = YES_AGGRESSIVE;
				CLANG_WARN_UNREACHABLE_CODE = YES;
				CLANG_WARN__DUPLICATE_METHOD_MATCH = YES;
				COPY_PHASE_STRIP = NO;
				DEBUG_INFORMATION_FORMAT = dwarf;
				ENABLE_STRICT_OBJC_MSGSEND = YES;
				ENABLE_TESTABILITY = YES;
				ENABLE_USER_SCRIPT_SANDBOXING = YES;
				GCC_C_LANGUAGE_STANDARD = gnu17;
				GCC_DYNAMIC_NO_PIC = NO;
				GCC_NO_COMMON_BLOCKS = YES;
				GCC_OPTIMIZATION_LEVEL = 0;
				GCC_PREPROCESSOR_DEFINITIONS = (
					"DEBUG=1",
					"$(inherited)",
				);
				GCC_WARN_64_TO_32_BIT_CONVERSION = YES;
				GCC_WARN_ABOUT_RETURN_TYPE = YES_ERROR;
				GCC_WARN_UNDECLARED_SELECTOR = YES;
				GCC_WARN_UNINITIALIZED_AUTOS = YES_AGGRESSIVE;
				GCC_WARN_UNUSED_FUNCTION = YES;
				GCC_WARN_UNUSED_VARIABLE = YES;
				IPHONEOS_DEPLOYMENT_TARGET = 26.0;
				LOCALIZATION_PREFERS_STRING_CATALOGS = YES;
				MTL_ENABLE_DEBUG_INFO = INCLUDE_SOURCE;
				MTL_FAST_MATH = YES;
				ONLY_ACTIVE_ARCH = YES;
				SDKROOT = iphoneos;
				SWIFT_ACTIVE_COMPILATION_CONDITIONS = "DEBUG $(inherited)";
				SWIFT_OPTIMIZATION_LEVEL = "-Onone";
			};
			name = Debug;
		};
		B680462B2E903AEE00F2720C /* Release */ = {
			isa = XCBuildConfiguration;
			buildSettings = {
				ALWAYS_SEARCH_USER_PATHS = NO;
				ASSETCATALOG_COMPILER_GENERATE_SWIFT_ASSET_SYMBOL_EXTENSIONS = YES;
				CLANG_ANALYZER_NONNULL = YES;
				CLANG_ANALYZER_NUMBER_OBJECT_CONVERSION = YES_AGGRESSIVE;
				CLANG_CXX_LANGUAGE_STANDARD = "gnu++20";
				CLANG_ENABLE_MODULES = YES;
				CLANG_ENABLE_OBJC_ARC = YES;
				CLANG_ENABLE_OBJC_WEAK = YES;
				CLANG_WARN_BLOCK_CAPTURE_AUTORELEASING = YES;
				CLANG_WARN_BOOL_CONVERSION = YES;
				CLANG_WARN_COMMA = YES;
				CLANG_WARN_CONSTANT_CONVERSION = YES;
				CLANG_WARN_DEPRECATED_OBJC_IMPLEMENTATIONS = YES;
				CLANG_WARN_DIRECT_OBJC_ISA_USAGE = YES_ERROR;
				CLANG_WARN_DOCUMENTATION_COMMENTS = YES;
				CLANG_WARN_EMPTY_BODY = YES;
				CLANG_WARN_ENUM_CONVERSION = YES;
				CLANG_WARN_INFINITE_RECURSION = YES;
				CLANG_WARN_INT_CONVERSION = YES;
				CLANG_WARN_NON_LITERAL_NULL_CONVERSION = YES;
				CLANG_WARN_OBJC_IMPLICIT_RETAIN_SELF = YES;
				CLANG_WARN_OBJC_LITERAL_CONVERSION = YES;
				CLANG_WARN_OBJC_ROOT_CLASS = YES_ERROR;
				CLANG_WARN_QUOTED_INCLUDE_IN_FRAMEWORK_HEADER = YES;
				CLANG_WARN_RANGE_LOOP_ANALYSIS = YES;
				CLANG_WARN_STRICT_PROTOTYPES = YES;
				CLANG_WARN_SUSPICIOUS_MOVE = YES;
				CLANG_WARN_UNGUARDED_AVAILABILITY = YES_AGGRESSIVE;
				CLANG_WARN_UNREACHABLE_CODE = YES;
				CLANG_WARN__DUPLICATE_METHOD_MATCH = YES;
				COPY_PHASE_STRIP = NO;
				DEBUG_INFORMATION_FORMAT = "dwarf-with-dsym";
				ENABLE_NS_ASSERTIONS = NO;
				ENABLE_STRICT_OBJC_MSGSEND = YES;
				ENABLE_USER_SCRIPT_SANDBOXING = YES;
				GCC_C_LANGUAGE_STANDARD = gnu17;
				GCC_NO_COMMON_BLOCKS = YES;
				GCC_WARN_64_TO_32_BIT_CONVERSION = YES;
				GCC_WARN_ABOUT_RETURN_TYPE = YES_ERROR;
				GCC_WARN_UNDECLARED_SELECTOR = YES;
				GCC_WARN_UNINITIALIZED_AUTOS = YES_AGGRESSIVE;
				GCC_WARN_UNUSED_FUNCTION = YES;
				GCC_WARN_UNUSED_VARIABLE = YES;
				IPHONEOS_DEPLOYMENT_TARGET = 26.0;
				LOCALIZATION_PREFERS_STRING_CATALOGS = YES;
				MTL_ENABLE_DEBUG_INFO = NO;
				MTL_FAST_MATH = YES;
				SDKROOT = iphoneos;
				SWIFT_COMPILATION_MODE = wholemodule;
				VALIDATE_PRODUCT = YES;
			};
			name = Release;
		};
		B680462D2E903AEE00F2720C /* Debug */ = {
			isa = XCBuildConfiguration;
			buildSettings = {
				ASSETCATALOG_COMPILER_APPICON_NAME = AppIcon;
				ASSETCATALOG_COMPILER_GLOBAL_ACCENT_COLOR_NAME = AccentColor;
				CODE_SIGN_STYLE = Automatic;
				CURRENT_PROJECT_VERSION = 1;
				ENABLE_PREVIEWS = YES;
				GENERATE_INFOPLIST_FILE = YES;
				INFOPLIST_KEY_UIApplicationSceneManifest_Generation = YES;
				INFOPLIST_KEY_UIApplicationSupportsIndirectInputEvents = YES;
				INFOPLIST_KEY_UILaunchScreen_Generation = YES;
				INFOPLIST_KEY_UISupportedInterfaceOrientations_iPad = "UIInterfaceOrientationPortrait UIInterfaceOrientationPortraitUpsideDown UIInterfaceOrientationLandscapeLeft UIInterfaceOrientationLandscapeRight";
				INFOPLIST_KEY_UISupportedInterfaceOrientations_iPhone = "UIInterfaceOrientationPortrait UIInterfaceOrientationLandscapeLeft UIInterfaceOrientationLandscapeRight";
				LD_RUNPATH_SEARCH_PATHS = (
					"$(inherited)",
					"@executable_path/Frameworks",
				);
				MARKETING_VERSION = 1.0;
				PRODUCT_BUNDLE_IDENTIFIER = ru.madispace.HomeLibrary;
				PRODUCT_NAME = "$(TARGET_NAME)";
				STRING_CATALOG_GENERATE_SYMBOLS = YES;
				SWIFT_DEFAULT_ACTOR_ISOLATION = MainActor;
				SWIFT_EMIT_LOC_STRINGS = YES;
				SWIFT_UPCOMING_FEATURE_MEMBER_IMPORT_VISIBILITY = YES;
				SWIFT_VERSION = 5.0;
				TARGETED_DEVICE_FAMILY = "1,2";
			};
			name = Debug;
		};
		B680462E2E903AEE00F2720C /* Release */ = {
			isa = XCBuildConfiguration;
			buildSettings = {
				ASSETCATALOG_COMPILER_APPICON_NAME = AppIcon;
				ASSETCATALOG_COMPILER_GLOBAL_ACCENT_COLOR_NAME = AccentColor;
				CODE_SIGN_STYLE = Automatic;
				CURRENT_PROJECT_VERSION = 1;
				ENABLE_PREVIEWS = YES;
				GENERATE_INFOPLIST_FILE = YES;
				INFOPLIST_KEY_UIApplicationSceneManifest_Generation = YES;
				INFOPLIST_KEY_UIApplicationSupportsIndirectInputEvents = YES;
				INFOPLIST_KEY_UILaunchScreen_Generation = YES;
				INFOPLIST_KEY_UISupportedInterfaceOrientations_iPad = "UIInterfaceOrientationPortrait UIInterfaceOrientationPortraitUpsideDown UIInterfaceOrientationLandscapeLeft UIInterfaceOrientationLandscapeRight";
				INFOPLIST_KEY_UISupportedInterfaceOrientations_iPhone = "UIInterfaceOrientationPortrait UIInterfaceOrientationLandscapeLeft UIInterfaceOrientationLandscapeRight";
				LD_RUNPATH_SEARCH_PATHS = (
					"$(inherited)",
					"@executable_path/Frameworks",
				);
				MARKETING_VERSION = 1.0;
				PRODUCT_BUNDLE_IDENTIFIER = ru.madispace.HomeLibrary;
				PRODUCT_NAME = "$(TARGET_NAME)";
				STRING_CATALOG_GENERATE_SYMBOLS = YES;
				SWIFT_DEFAULT_ACTOR_ISOLATION = MainActor;
				SWIFT_EMIT_LOC_STRINGS = YES;
				SWIFT_UPCOMING_FEATURE_MEMBER_IMPORT_VISIBILITY = YES;
				SWIFT_VERSION = 5.0;
				TARGETED_DEVICE_FAMILY = "1,2";
			};
			name = Release;
		};
/* End XCBuildConfiguration section */

/* Begin XCConfigurationList section */
		B680461C2E903AEC00F2720C /* Build configuration list for PBXProject "HomeLibrary" */ = {
			isa = XCConfigurationList;
			buildConfigurations = (
				B680462A2E903AEE00F2720C /* Debug */,
				B680462B2E903AEE00F2720C /* Release */,
			);
			defaultConfigurationIsVisible = 0;
			defaultConfigurationName = Release;
		};
		B680462C2E903AEE00F2720C /* Build configuration list for PBXNativeTarget "HomeLibrary" */ = {
			isa = XCConfigurationList;
			buildConfigurations = (
				B680462D2E903AEE00F2720C /* Debug */,
				B680462E2E903AEE00F2720C /* Release */,
			);
			defaultConfigurationIsVisible = 0;
			defaultConfigurationName = Release;
		};
/* End XCConfigurationList section */
	};
	rootObject = B68046192E903AEC00F2720C /* Project object */;
}
